// !$*UTF8*$!
{
	archiveVersion = 1;
	classes = {
	};
	objectVersion = 46;
	objects = {

/* Begin PBXBuildFile section */
		B5775ABF1C656228003FE321 /* MainView.swift in Sources */ = {isa = PBXBuildFile; fileRef = B5775ABE1C656228003FE321 /* MainView.swift */; };
		B5775AC41C656AB2003FE321 /* SoundsModel.swift in Sources */ = {isa = PBXBuildFile; fileRef = B5775AC31C656AB2003FE321 /* SoundsModel.swift */; };
		B5F2AEDD1C63A57600948FA1 /* AppDelegate.swift in Sources */ = {isa = PBXBuildFile; fileRef = B5F2AEDC1C63A57600948FA1 /* AppDelegate.swift */; };
		B5F2AEDF1C63A57600948FA1 /* MainViewController.swift in Sources */ = {isa = PBXBuildFile; fileRef = B5F2AEDE1C63A57600948FA1 /* MainViewController.swift */; };
		B5F2AEE41C63A57600948FA1 /* Main.storyboard in Resources */ = {isa = PBXBuildFile; fileRef = B5F2AEE21C63A57600948FA1 /* Main.storyboard */; };
		B5F2AEEF1C63A57600948FA1 /* PathfinderSoundsTests.swift in Sources */ = {isa = PBXBuildFile; fileRef = B5F2AEEE1C63A57600948FA1 /* PathfinderSoundsTests.swift */; };
		B5F2AEFA1C63A57700948FA1 /* PathfinderSoundsUITests.swift in Sources */ = {isa = PBXBuildFile; fileRef = B5F2AEF91C63A57700948FA1 /* PathfinderSoundsUITests.swift */; };
/* End PBXBuildFile section */

/* Begin PBXContainerItemProxy section */
		B5F2AEEB1C63A57600948FA1 /* PBXContainerItemProxy */ = {
			isa = PBXContainerItemProxy;
			containerPortal = B5F2AED11C63A57600948FA1 /* Project object */;
			proxyType = 1;
			remoteGlobalIDString = B5F2AED81C63A57600948FA1;
			remoteInfo = PathfinderSounds;
		};
		B5F2AEF61C63A57700948FA1 /* PBXContainerItemProxy */ = {
			isa = PBXContainerItemProxy;
			containerPortal = B5F2AED11C63A57600948FA1 /* Project object */;
			proxyType = 1;
			remoteGlobalIDString = B5F2AED81C63A57600948FA1;
			remoteInfo = PathfinderSounds;
		};
/* End PBXContainerItemProxy section */

/* Begin PBXFileReference section */
		B5775ABE1C656228003FE321 /* MainView.swift */ = {isa = PBXFileReference; fileEncoding = 4; lastKnownFileType = sourcecode.swift; path = MainView.swift; sourceTree = "<group>"; };
		B5775AC31C656AB2003FE321 /* SoundsModel.swift */ = {isa = PBXFileReference; fileEncoding = 4; lastKnownFileType = sourcecode.swift; path = SoundsModel.swift; sourceTree = "<group>"; };
		B588E2ED1C63F17E00DDFD61 /* EasyAtmosphere-Bridging-Header.h */ = {isa = PBXFileReference; lastKnownFileType = sourcecode.c.h; path = "EasyAtmosphere-Bridging-Header.h"; sourceTree = "<group>"; };
		B5F2AED91C63A57600948FA1 /* EasyAtmosphere.app */ = {isa = PBXFileReference; explicitFileType = wrapper.application; includeInIndex = 0; path = EasyAtmosphere.app; sourceTree = BUILT_PRODUCTS_DIR; };
		B5F2AEDC1C63A57600948FA1 /* AppDelegate.swift */ = {isa = PBXFileReference; lastKnownFileType = sourcecode.swift; path = AppDelegate.swift; sourceTree = "<group>"; };
		B5F2AEDE1C63A57600948FA1 /* MainViewController.swift */ = {isa = PBXFileReference; lastKnownFileType = sourcecode.swift; path = MainViewController.swift; sourceTree = "<group>"; };
		B5F2AEE31C63A57600948FA1 /* Base */ = {isa = PBXFileReference; lastKnownFileType = file.storyboard; name = Base; path = Base.lproj/Main.storyboard; sourceTree = "<group>"; };
		B5F2AEE51C63A57600948FA1 /* Info.plist */ = {isa = PBXFileReference; lastKnownFileType = text.plist.xml; path = Info.plist; sourceTree = "<group>"; };
		B5F2AEEA1C63A57600948FA1 /* EasyAtmosphere.xctest */ = {isa = PBXFileReference; explicitFileType = wrapper.cfbundle; includeInIndex = 0; path = EasyAtmosphere.xctest; sourceTree = BUILT_PRODUCTS_DIR; };
		B5F2AEEE1C63A57600948FA1 /* PathfinderSoundsTests.swift */ = {isa = PBXFileReference; lastKnownFileType = sourcecode.swift; path = PathfinderSoundsTests.swift; sourceTree = "<group>"; };
		B5F2AEF01C63A57600948FA1 /* Info.plist */ = {isa = PBXFileReference; lastKnownFileType = text.plist.xml; path = Info.plist; sourceTree = "<group>"; };
		B5F2AEF51C63A57700948FA1 /* EasyAtmosphere.xctest */ = {isa = PBXFileReference; explicitFileType = wrapper.cfbundle; includeInIndex = 0; path = EasyAtmosphere.xctest; sourceTree = BUILT_PRODUCTS_DIR; };
		B5F2AEF91C63A57700948FA1 /* PathfinderSoundsUITests.swift */ = {isa = PBXFileReference; lastKnownFileType = sourcecode.swift; path = PathfinderSoundsUITests.swift; sourceTree = "<group>"; };
		B5F2AEFB1C63A57700948FA1 /* Info.plist */ = {isa = PBXFileReference; lastKnownFileType = text.plist.xml; path = Info.plist; sourceTree = "<group>"; };
/* End PBXFileReference section */

/* Begin PBXFrameworksBuildPhase section */
		B5F2AED61C63A57600948FA1 /* Frameworks */ = {
			isa = PBXFrameworksBuildPhase;
			buildActionMask = 2147483647;
			files = (
			);
			runOnlyForDeploymentPostprocessing = 0;
		};
		B5F2AEE71C63A57600948FA1 /* Frameworks */ = {
			isa = PBXFrameworksBuildPhase;
			buildActionMask = 2147483647;
			files = (
			);
			runOnlyForDeploymentPostprocessing = 0;
		};
		B5F2AEF21C63A57700948FA1 /* Frameworks */ = {
			isa = PBXFrameworksBuildPhase;
			buildActionMask = 2147483647;
			files = (
			);
			runOnlyForDeploymentPostprocessing = 0;
		};
/* End PBXFrameworksBuildPhase section */

/* Begin PBXGroup section */
		B5F2AED01C63A57600948FA1 = {
			isa = PBXGroup;
			children = (
				B5F2AEDB1C63A57600948FA1 /* EasyAtmosphere */,
				B5F2AEED1C63A57600948FA1 /* EasyAtmosphereTests */,
				B5F2AEF81C63A57700948FA1 /* EasyAtmosphereUITests */,
				B5F2AEDA1C63A57600948FA1 /* Products */,
			);
			sourceTree = "<group>";
		};
		B5F2AEDA1C63A57600948FA1 /* Products */ = {
			isa = PBXGroup;
			children = (
				B5F2AED91C63A57600948FA1 /* EasyAtmosphere.app */,
				B5F2AEEA1C63A57600948FA1 /* EasyAtmosphere.xctest */,
				B5F2AEF51C63A57700948FA1 /* EasyAtmosphere.xctest */,
			);
			name = Products;
			sourceTree = "<group>";
		};
		B5F2AEDB1C63A57600948FA1 /* EasyAtmosphere */ = {
			isa = PBXGroup;
			children = (
				B5F2AEDC1C63A57600948FA1 /* AppDelegate.swift */,
				B5F2AEDE1C63A57600948FA1 /* MainViewController.swift */,
				B5775ABE1C656228003FE321 /* MainView.swift */,
				B5775AC31C656AB2003FE321 /* SoundsModel.swift */,
				B5F2AEE21C63A57600948FA1 /* Main.storyboard */,
				B5F2AEE51C63A57600948FA1 /* Info.plist */,
				B588E2ED1C63F17E00DDFD61 /* EasyAtmosphere-Bridging-Header.h */,
			);
			path = EasyAtmosphere;
			sourceTree = "<group>";
		};
		B5F2AEED1C63A57600948FA1 /* EasyAtmosphereTests */ = {
			isa = PBXGroup;
			children = (
				B5F2AEEE1C63A57600948FA1 /* PathfinderSoundsTests.swift */,
				B5F2AEF01C63A57600948FA1 /* Info.plist */,
			);
			path = EasyAtmosphereTests;
			sourceTree = "<group>";
		};
		B5F2AEF81C63A57700948FA1 /* EasyAtmosphereUITests */ = {
			isa = PBXGroup;
			children = (
				B5F2AEF91C63A57700948FA1 /* PathfinderSoundsUITests.swift */,
				B5F2AEFB1C63A57700948FA1 /* Info.plist */,
			);
			path = EasyAtmosphereUITests;
			sourceTree = "<group>";
		};
/* End PBXGroup section */

/* Begin PBXNativeTarget section */
		B5F2AED81C63A57600948FA1 /* EasyAtmosphere */ = {
			isa = PBXNativeTarget;
			buildConfigurationList = B5F2AEFE1C63A57700948FA1 /* Build configuration list for PBXNativeTarget "EasyAtmosphere" */;
			buildPhases = (
				B5F2AED51C63A57600948FA1 /* Sources */,
				B5F2AED61C63A57600948FA1 /* Frameworks */,
				B5F2AED71C63A57600948FA1 /* Resources */,
			);
			buildRules = (
			);
			dependencies = (
			);
			name = EasyAtmosphere;
			productName = PathfinderSounds;
			productReference = B5F2AED91C63A57600948FA1 /* EasyAtmosphere.app */;
			productType = "com.apple.product-type.application";
		};
		B5F2AEE91C63A57600948FA1 /* EasyAtmosphereTests */ = {
			isa = PBXNativeTarget;
			buildConfigurationList = B5F2AF011C63A57700948FA1 /* Build configuration list for PBXNativeTarget "EasyAtmosphereTests" */;
			buildPhases = (
				B5F2AEE61C63A57600948FA1 /* Sources */,
				B5F2AEE71C63A57600948FA1 /* Frameworks */,
				B5F2AEE81C63A57600948FA1 /* Resources */,
			);
			buildRules = (
			);
			dependencies = (
				B5F2AEEC1C63A57600948FA1 /* PBXTargetDependency */,
			);
			name = EasyAtmosphereTests;
			productName = PathfinderSoundsTests;
			productReference = B5F2AEEA1C63A57600948FA1 /* EasyAtmosphere.xctest */;
			productType = "com.apple.product-type.bundle.unit-test";
		};
		B5F2AEF41C63A57700948FA1 /* EasyAtmosphereUITests */ = {
			isa = PBXNativeTarget;
			buildConfigurationList = B5F2AF041C63A57700948FA1 /* Build configuration list for PBXNativeTarget "EasyAtmosphereUITests" */;
			buildPhases = (
				B5F2AEF11C63A57700948FA1 /* Sources */,
				B5F2AEF21C63A57700948FA1 /* Frameworks */,
				B5F2AEF31C63A57700948FA1 /* Resources */,
			);
			buildRules = (
			);
			dependencies = (
				B5F2AEF71C63A57700948FA1 /* PBXTargetDependency */,
			);
			name = EasyAtmosphereUITests;
			productName = PathfinderSoundsUITests;
			productReference = B5F2AEF51C63A57700948FA1 /* EasyAtmosphere.xctest */;
			productType = "com.apple.product-type.bundle.ui-testing";
		};
/* End PBXNativeTarget section */

/* Begin PBXProject section */
		B5F2AED11C63A57600948FA1 /* Project object */ = {
			isa = PBXProject;
			attributes = {
				LastSwiftUpdateCheck = 0720;
				LastUpgradeCheck = 0720;
				ORGANIZATIONNAME = "Benjamin Weigang";
				TargetAttributes = {
					B5F2AED81C63A57600948FA1 = {
						CreatedOnToolsVersion = 7.2.1;
					};
					B5F2AEE91C63A57600948FA1 = {
						CreatedOnToolsVersion = 7.2.1;
						TestTargetID = B5F2AED81C63A57600948FA1;
					};
					B5F2AEF41C63A57700948FA1 = {
						CreatedOnToolsVersion = 7.2.1;
						TestTargetID = B5F2AED81C63A57600948FA1;
					};
				};
			};
			buildConfigurationList = B5F2AED41C63A57600948FA1 /* Build configuration list for PBXProject "EasyAtmosphere" */;
			compatibilityVersion = "Xcode 3.2";
			developmentRegion = English;
			hasScannedForEncodings = 0;
			knownRegions = (
				en,
				Base,
			);
			mainGroup = B5F2AED01C63A57600948FA1;
			productRefGroup = B5F2AEDA1C63A57600948FA1 /* Products */;
			projectDirPath = "";
			projectRoot = "";
			targets = (
				B5F2AED81C63A57600948FA1 /* EasyAtmosphere */,
				B5F2AEE91C63A57600948FA1 /* EasyAtmosphereTests */,
				B5F2AEF41C63A57700948FA1 /* EasyAtmosphereUITests */,
			);
		};
/* End PBXProject section */

/* Begin PBXResourcesBuildPhase section */
		B5F2AED71C63A57600948FA1 /* Resources */ = {
			isa = PBXResourcesBuildPhase;
			buildActionMask = 2147483647;
			files = (
				B5F2AEE41C63A57600948FA1 /* Main.storyboard in Resources */,
			);
			runOnlyForDeploymentPostprocessing = 0;
		};
		B5F2AEE81C63A57600948FA1 /* Resources */ = {
			isa = PBXResourcesBuildPhase;
			buildActionMask = 2147483647;
			files = (
			);
			runOnlyForDeploymentPostprocessing = 0;
		};
		B5F2AEF31C63A57700948FA1 /* Resources */ = {
			isa = PBXResourcesBuildPhase;
			buildActionMask = 2147483647;
			files = (
			);
			runOnlyForDeploymentPostprocessing = 0;
		};
/* End PBXResourcesBuildPhase section */

/* Begin PBXSourcesBuildPhase section */
		B5F2AED51C63A57600948FA1 /* Sources */ = {
			isa = PBXSourcesBuildPhase;
			buildActionMask = 2147483647;
			files = (
				B5F2AEDF1C63A57600948FA1 /* MainViewController.swift in Sources */,
				B5775AC41C656AB2003FE321 /* SoundsModel.swift in Sources */,
				B5775ABF1C656228003FE321 /* MainView.swift in Sources */,
				B5F2AEDD1C63A57600948FA1 /* AppDelegate.swift in Sources */,
			);
			runOnlyForDeploymentPostprocessing = 0;
		};
		B5F2AEE61C63A57600948FA1 /* Sources */ = {
			isa = PBXSourcesBuildPhase;
			buildActionMask = 2147483647;
			files = (
				B5F2AEEF1C63A57600948FA1 /* PathfinderSoundsTests.swift in Sources */,
			);
			runOnlyForDeploymentPostprocessing = 0;
		};
		B5F2AEF11C63A57700948FA1 /* Sources */ = {
			isa = PBXSourcesBuildPhase;
			buildActionMask = 2147483647;
			files = (
				B5F2AEFA1C63A57700948FA1 /* PathfinderSoundsUITests.swift in Sources */,
			);
			runOnlyForDeploymentPostprocessing = 0;
		};
/* End PBXSourcesBuildPhase section */

/* Begin PBXTargetDependency section */
		B5F2AEEC1C63A57600948FA1 /* PBXTargetDependency */ = {
			isa = PBXTargetDependency;
			target = B5F2AED81C63A57600948FA1 /* EasyAtmosphere */;
			targetProxy = B5F2AEEB1C63A57600948FA1 /* PBXContainerItemProxy */;
		};
		B5F2AEF71C63A57700948FA1 /* PBXTargetDependency */ = {
			isa = PBXTargetDependency;
			target = B5F2AED81C63A57600948FA1 /* EasyAtmosphere */;
			targetProxy = B5F2AEF61C63A57700948FA1 /* PBXContainerItemProxy */;
		};
/* End PBXTargetDependency section */

/* Begin PBXVariantGroup section */
		B5F2AEE21C63A57600948FA1 /* Main.storyboard */ = {
			isa = PBXVariantGroup;
			children = (
				B5F2AEE31C63A57600948FA1 /* Base */,
			);
			name = Main.storyboard;
			sourceTree = "<group>";
		};
/* End PBXVariantGroup section */

/* Begin XCBuildConfiguration section */
		B5F2AEFC1C63A57700948FA1 /* Debug */ = {
			isa = XCBuildConfiguration;
			buildSettings = {
				ALWAYS_SEARCH_USER_PATHS = NO;
				CLANG_CXX_LANGUAGE_STANDARD = "gnu++0x";
				CLANG_CXX_LIBRARY = "libc++";
				CLANG_ENABLE_MODULES = YES;
				CLANG_ENABLE_OBJC_ARC = YES;
				CLANG_WARN_BOOL_CONVERSION = YES;
				CLANG_WARN_CONSTANT_CONVERSION = YES;
				CLANG_WARN_DIRECT_OBJC_ISA_USAGE = YES_ERROR;
				CLANG_WARN_EMPTY_BODY = YES;
				CLANG_WARN_ENUM_CONVERSION = YES;
				CLANG_WARN_INT_CONVERSION = YES;
				CLANG_WARN_OBJC_ROOT_CLASS = YES_ERROR;
				CLANG_WARN_UNREACHABLE_CODE = YES;
				CLANG_WARN__DUPLICATE_METHOD_MATCH = YES;
				CODE_SIGN_IDENTITY = "-";
				COPY_PHASE_STRIP = NO;
				DEBUG_INFORMATION_FORMAT = dwarf;
				ENABLE_STRICT_OBJC_MSGSEND = YES;
				ENABLE_TESTABILITY = YES;
				GCC_C_LANGUAGE_STANDARD = gnu99;
				GCC_DYNAMIC_NO_PIC = NO;
				GCC_NO_COMMON_BLOCKS = YES;
				GCC_OPTIMIZATION_LEVEL = 0;
				GCC_PREPROCESSOR_DEFINITIONS = (
					"DEBUG=1",
					"$(inherited)",
				);
				GCC_WARN_64_TO_32_BIT_CONVERSION = YES;
				GCC_WARN_ABOUT_RETURN_TYPE = YES_ERROR;
				GCC_WARN_UNDECLARED_SELECTOR = YES;
				GCC_WARN_UNINITIALIZED_AUTOS = YES_AGGRESSIVE;
				GCC_WARN_UNUSED_FUNCTION = YES;
				GCC_WARN_UNUSED_VARIABLE = YES;
				MACOSX_DEPLOYMENT_TARGET = 10.11;
				MTL_ENABLE_DEBUG_INFO = YES;
				ONLY_ACTIVE_ARCH = YES;
				SDKROOT = macosx;
				SWIFT_OPTIMIZATION_LEVEL = "-Onone";
			};
			name = Debug;
		};
		B5F2AEFD1C63A57700948FA1 /* Release */ = {
			isa = XCBuildConfiguration;
			buildSettings = {
				ALWAYS_SEARCH_USER_PATHS = NO;
				CLANG_CXX_LANGUAGE_STANDARD = "gnu++0x";
				CLANG_CXX_LIBRARY = "libc++";
				CLANG_ENABLE_MODULES = YES;
				CLANG_ENABLE_OBJC_ARC = YES;
				CLANG_WARN_BOOL_CONVERSION = YES;
				CLANG_WARN_CONSTANT_CONVERSION = YES;
				CLANG_WARN_DIRECT_OBJC_ISA_USAGE = YES_ERROR;
				CLANG_WARN_EMPTY_BODY = YES;
				CLANG_WARN_ENUM_CONVERSION = YES;
				CLANG_WARN_INT_CONVERSION = YES;
				CLANG_WARN_OBJC_ROOT_CLASS = YES_ERROR;
				CLANG_WARN_UNREACHABLE_CODE = YES;
				CLANG_WARN__DUPLICATE_METHOD_MATCH = YES;
				CODE_SIGN_IDENTITY = "-";
				COPY_PHASE_STRIP = NO;
				DEBUG_INFORMATION_FORMAT = "dwarf-with-dsym";
				ENABLE_NS_ASSERTIONS = NO;
				ENABLE_STRICT_OBJC_MSGSEND = YES;
				GCC_C_LANGUAGE_STANDARD = gnu99;
				GCC_NO_COMMON_BLOCKS = YES;
				GCC_WARN_64_TO_32_BIT_CONVERSION = YES;
				GCC_WARN_ABOUT_RETURN_TYPE = YES_ERROR;
				GCC_WARN_UNDECLARED_SELECTOR = YES;
				GCC_WARN_UNINITIALIZED_AUTOS = YES_AGGRESSIVE;
				GCC_WARN_UNUSED_FUNCTION = YES;
				GCC_WARN_UNUSED_VARIABLE = YES;
				MACOSX_DEPLOYMENT_TARGET = 10.11;
				MTL_ENABLE_DEBUG_INFO = NO;
				SDKROOT = macosx;
			};
			name = Release;
		};
		B5F2AEFF1C63A57700948FA1 /* Debug */ = {
			isa = XCBuildConfiguration;
			buildSettings = {
				ASSETCATALOG_COMPILER_APPICON_NAME = AppIcon;
				CLANG_ENABLE_MODULES = YES;
				COMBINE_HIDPI_IMAGES = YES;
				INFOPLIST_FILE = "$(SRCROOT)/EasyAtmosphere/Info.plist";
				LD_RUNPATH_SEARCH_PATHS = "$(inherited) @executable_path/../Frameworks";
				PRODUCT_BUNDLE_IDENTIFIER = BeWe.EasyAtmosphere;
				PRODUCT_NAME = EasyAtmosphere;
				SWIFT_OBJC_BRIDGING_HEADER = "EasyAtmosphere/EasyAtmosphere-Bridging-Header.h";
				SWIFT_OPTIMIZATION_LEVEL = "-Onone";
			};
			name = Debug;
		};
		B5F2AF001C63A57700948FA1 /* Release */ = {
			isa = XCBuildConfiguration;
			buildSettings = {
				ASSETCATALOG_COMPILER_APPICON_NAME = AppIcon;
				CLANG_ENABLE_MODULES = YES;
				COMBINE_HIDPI_IMAGES = YES;
				INFOPLIST_FILE = "$(SRCROOT)/EasyAtmosphere/Info.plist";
				LD_RUNPATH_SEARCH_PATHS = "$(inherited) @executable_path/../Frameworks";
				PRODUCT_BUNDLE_IDENTIFIER = BeWe.EasyAtmosphere;
				PRODUCT_NAME = EasyAtmosphere;
				SWIFT_OBJC_BRIDGING_HEADER = "EasyAtmosphere/EasyAtmosphere-Bridging-Header.h";
			};
			name = Release;
		};
		B5F2AF021C63A57700948FA1 /* Debug */ = {
			isa = XCBuildConfiguration;
			buildSettings = {
				BUNDLE_LOADER = "$(TEST_HOST)";
				COMBINE_HIDPI_IMAGES = YES;
				INFOPLIST_FILE = PathfinderSoundsTests/Info.plist;
				LD_RUNPATH_SEARCH_PATHS = "$(inherited) @executable_path/../Frameworks @loader_path/../Frameworks";
				PRODUCT_BUNDLE_IDENTIFIER = BeWe.PathfinderSoundsTests;
				PRODUCT_NAME = EasyAtmosphere;
				TEST_HOST = "$(BUILT_PRODUCTS_DIR)/EasyAtmosphere.app/Contents/MacOS/EasyAtmosphere";
			};
			name = Debug;
		};
		B5F2AF031C63A57700948FA1 /* Release */ = {
			isa = XCBuildConfiguration;
			buildSettings = {
				BUNDLE_LOADER = "$(TEST_HOST)";
				COMBINE_HIDPI_IMAGES = YES;
				INFOPLIST_FILE = PathfinderSoundsTests/Info.plist;
				LD_RUNPATH_SEARCH_PATHS = "$(inherited) @executable_path/../Frameworks @loader_path/../Frameworks";
				PRODUCT_BUNDLE_IDENTIFIER = BeWe.PathfinderSoundsTests;
				PRODUCT_NAME = EasyAtmosphere;
				TEST_HOST = "$(BUILT_PRODUCTS_DIR)/EasyAtmosphere.app/Contents/MacOS/EasyAtmosphere";
			};
			name = Release;
		};
		B5F2AF051C63A57700948FA1 /* Debug */ = {
			isa = XCBuildConfiguration;
			buildSettings = {
				COMBINE_HIDPI_IMAGES = YES;
				INFOPLIST_FILE = PathfinderSoundsUITests/Info.plist;
				LD_RUNPATH_SEARCH_PATHS = "$(inherited) @executable_path/../Frameworks @loader_path/../Frameworks";
				PRODUCT_BUNDLE_IDENTIFIER = BeWe.PathfinderSoundsUITests;
				PRODUCT_NAME = EasyAtmosphere;
				TEST_TARGET_NAME = PathfinderSounds;
				USES_XCTRUNNER = YES;
			};
			name = Debug;
		};
		B5F2AF061C63A57700948FA1 /* Release */ = {
			isa = XCBuildConfiguration;
			buildSettings = {
				COMBINE_HIDPI_IMAGES = YES;
				INFOPLIST_FILE = PathfinderSoundsUITests/Info.plist;
				LD_RUNPATH_SEARCH_PATHS = "$(inherited) @executable_path/../Frameworks @loader_path/../Frameworks";
				PRODUCT_BUNDLE_IDENTIFIER = BeWe.PathfinderSoundsUITests;
				PRODUCT_NAME = EasyAtmosphere;
				TEST_TARGET_NAME = PathfinderSounds;
				USES_XCTRUNNER = YES;
			};
			name = Release;
		};
/* End XCBuildConfiguration section */

/* Begin XCConfigurationList section */
		B5F2AED41C63A57600948FA1 /* Build configuration list for PBXProject "EasyAtmosphere" */ = {
			isa = XCConfigurationList;
			buildConfigurations = (
				B5F2AEFC1C63A57700948FA1 /* Debug */,
				B5F2AEFD1C63A57700948FA1 /* Release */,
			);
			defaultConfigurationIsVisible = 0;
			defaultConfigurationName = Release;
		};
		B5F2AEFE1C63A57700948FA1 /* Build configuration list for PBXNativeTarget "EasyAtmosphere" */ = {
			isa = XCConfigurationList;
			buildConfigurations = (
				B5F2AEFF1C63A57700948FA1 /* Debug */,
				B5F2AF001C63A57700948FA1 /* Release */,
			);
			defaultConfigurationIsVisible = 0;
			defaultConfigurationName = Release;
		};
		B5F2AF011C63A57700948FA1 /* Build configuration list for PBXNativeTarget "EasyAtmosphereTests" */ = {
			isa = XCConfigurationList;
			buildConfigurations = (
				B5F2AF021C63A57700948FA1 /* Debug */,
				B5F2AF031C63A57700948FA1 /* Release */,
			);
			defaultConfigurationIsVisible = 0;
			defaultConfigurationName = Release;
		};
		B5F2AF041C63A57700948FA1 /* Build configuration list for PBXNativeTarget "EasyAtmosphereUITests" */ = {
			isa = XCConfigurationList;
			buildConfigurations = (
				B5F2AF051C63A57700948FA1 /* Debug */,
				B5F2AF061C63A57700948FA1 /* Release */,
			);
			defaultConfigurationIsVisible = 0;
			defaultConfigurationName = Release;
		};
/* End XCConfigurationList section */
	};
	rootObject = B5F2AED11C63A57600948FA1 /* Project object */;
}
